
Microsoft Visual Studio Solution File, Format Version 12.00
# Visual Studio Version 16
VisualStudioVersion = 16.0.29503.13
MinimumVisualStudioVersion = 10.0.40219.1
Project("{FAE04EC0-301F-11D3-BF4B-00C04F79EFBC}") = "CreateAnEditableGridControlWithPopupContainerEdit", "CreateAnEditableGridControlWithPopupContainerEdit\CreateAnEditableGridControlWithPopupContainerEdit.csproj", "{32313065-F078-40D4-BC17-3EEE6BC2AF48}"
EndProject
Global
	GlobalSection(SolutionConfigurationPlatforms) = preSolution
		Debug|Any CPU = Debug|Any CPU
		Release|Any CPU = Release|Any CPU
	EndGlobalSection
	GlobalSection(ProjectConfigurationPlatforms) = postSolution
		{32313065-F078-40D4-BC17-3EEE6BC2AF48}.Debug|Any CPU.ActiveCfg = Debug|Any CPU
		{32313065-F078-40D4-BC17-3EEE6BC2AF48}.Debug|Any CPU.Build.0 = Debug|Any CPU
		{32313065-F078-40D4-BC17-3EEE6BC2AF48}.Release|Any CPU.ActiveCfg = Release|Any CPU
		{32313065-F078-40D4-BC17-3EEE6BC2AF48}.Release|Any CPU.Build.0 = Release|Any CPU
	EndGlobalSection
	GlobalSection(SolutionProperties) = preSolution
		HideSolutionNode = FALSE
	EndGlobalSection
	GlobalSection(ExtensibilityGlobals) = postSolution
		SolutionGuid = {D0E5D46A-A5C7-4E73-987D-D04BEAE3C58F}
	EndGlobalSection
EndGlobal
